// !$*UTF8*$!
{
	archiveVersion = 1;
	classes = {
	};
	objectVersion = 90;
	objects = {

/* Begin PBXBuildFile section */
		CC6E8B462FC6C67F001D843A /* Auth in Frameworks */ = {isa = PBXBuildFile; productRef = CC6E8B452FC6C67F001D843A /* Auth */; };
		CC6E8B482FC6C67F001D843A /* Functions in Frameworks */ = {isa = PBXBuildFile; productRef = CC6E8B472FC6C67F001D843A /* Functions */; };
		CC6E8B4A2FC6C67F001D843A /* PostgREST in Frameworks */ = {isa = PBXBuildFile; productRef = CC6E8B492FC6C67F001D843A /* PostgREST */; };
		CC6E8B4C2FC6C67F001D843A /* Realtime in Frameworks */ = {isa = PBXBuildFile; productRef = CC6E8B4B2FC6C67F001D843A /* Realtime */; };
		CC6E8B4E2FC6C67F001D843A /* Storage in Frameworks */ = {isa = PBXBuildFile; productRef = CC6E8B4D2FC6C67F001D843A /* Storage */; };
/* End PBXBuildFile section */

/* Begin PBXContainerItemProxy section */
		CC6E8AC72FC6BD10001D843A /* PBXContainerItemProxy */ = {
			isa = PBXContainerItemProxy;
			containerPortal = CC6E8AB12FC6BD0E001D843A /* Project object */;
			proxyType = 1;
			remoteGlobalIDString = CC6E8AB82FC6BD0E001D843A;
			remoteInfo = Scripture_Unlock;
		};
		CC6E8AD12FC6BD10001D843A /* PBXContainerItemProxy */ = {
			isa = PBXContainerItemProxy;
			containerPortal = CC6E8AB12FC6BD0E001D843A /* Project object */;
			proxyType = 1;
			remoteGlobalIDString = CC6E8AB82FC6BD0E001D843A;
			remoteInfo = Scripture_Unlock;
		};
/* End PBXContainerItemProxy section */

/* Begin PBXFileReference section */
		CC6E8AB92FC6BD0E001D843A /* Scripture_Unlock.app */ = {isa = PBXFileReference; explicitFileType = wrapper.application; includeInIndex = 0; path = Scripture_Unlock.app; sourceTree = BUILT_PRODUCTS_DIR; };
		CC6E8AC62FC6BD10001D843A /* Scripture_UnlockTests.xctest */ = {isa = PBXFileReference; explicitFileType = wrapper.cfbundle; includeInIndex = 0; path = Scripture_UnlockTests.xctest; sourceTree = BUILT_PRODUCTS_DIR; };
		CC6E8AD02FC6BD10001D843A /* Scripture_UnlockUITests.xctest */ = {isa = PBXFileReference; explicitFileType = wrapper.cfbundle; includeInIndex = 0; path = Scripture_UnlockUITests.xctest; sourceTree = BUILT_PRODUCTS_DIR; };
/* End PBXFileReference section */

/* Begin PBXFileSystemSynchronizedRootGroup section */
		CC6E8ABB2FC6BD0E001D843A /* Scripture_Unlock */ = {
			isa = PBXFileSystemSynchronizedRootGroup;
			path = Scripture_Unlock;
			sourceTree = "<group>";
		};
		CC6E8AC92FC6BD10001D843A /* Scripture_UnlockTests */ = {
			isa = PBXFileSystemSynchronizedRootGroup;
			path = Scripture_UnlockTests;
			sourceTree = "<group>";
		};
		CC6E8AD32FC6BD10001D843A /* Scripture_UnlockUITests */ = {
			isa = PBXFileSystemSynchronizedRootGroup;
			path = Scripture_UnlockUITests;
			sourceTree = "<group>";
		};
/* End PBXFileSystemSynchronizedRootGroup section */

/* Begin PBXFrameworksBuildPhase section */
		CC6E8AB62FC6BD0E001D843A /* Frameworks */ = {
			isa = PBXFrameworksBuildPhase;
			files = (
				CC6E8B4A2FC6C67F001D843A /* PostgREST in Frameworks */,
				CC6E8B482FC6C67F001D843A /* Functions in Frameworks */,
				CC6E8B462FC6C67F001D843A /* Auth in Frameworks */,
				CC6E8B4E2FC6C67F001D843A /* Storage in Frameworks */,
				CC6E8B4C2FC6C67F001D843A /* Realtime in Frameworks */,
			);
		};
		CC6E8AC32FC6BD10001D843A /* Frameworks */ = {
			isa = PBXFrameworksBuildPhase;
			files = (
			);
		};
		CC6E8ACD2FC6BD10001D843A /* Frameworks */ = {
			isa = PBXFrameworksBuildPhase;
			files = (
			);
		};
/* End PBXFrameworksBuildPhase section */

/* Begin PBXGroup section */
		CC6E8AB02FC6BD0E001D843A = {
			isa = PBXGroup;
			children = (
				CC6E8ABB2FC6BD0E001D843A /* Scripture_Unlock */,
				CC6E8AC92FC6BD10001D843A /* Scripture_UnlockTests */,
				CC6E8AD32FC6BD10001D843A /* Scripture_UnlockUITests */,
				CC6E8ABA2FC6BD0E001D843A /* Products */,
			);
			sourceTree = "<group>";
		};
		CC6E8ABA2FC6BD0E001D843A /* Products */ = {
			isa = PBXGroup;
			children = (
				CC6E8AB92FC6BD0E001D843A /* Scripture_Unlock.app */,
				CC6E8AC62FC6BD10001D843A /* Scripture_UnlockTests.xctest */,
				CC6E8AD02FC6BD10001D843A /* Scripture_UnlockUITests.xctest */,
			);
			name = Products;
			sourceTree = "<group>";
		};
/* End PBXGroup section */

/* Begin PBXNativeTarget section */
		CC6E8AB82FC6BD0E001D843A /* Scripture_Unlock */ = {
			isa = PBXNativeTarget;
			buildConfigurationList = CC6E8ADA2FC6BD10001D843A /* Build configuration list for PBXNativeTarget "Scripture_Unlock" */;
			buildPhases = (
				CC6E8AB52FC6BD0E001D843A /* Sources */,
				CC6E8AB62FC6BD0E001D843A /* Frameworks */,
				CC6E8AB72FC6BD0E001D843A /* Resources */,
			);
			buildRules = (
			);
			fileSystemSynchronizedGroups = (
				CC6E8ABB2FC6BD0E001D843A /* Scripture_Unlock */,
			);
			name = Scripture_Unlock;
			packageProductDependencies = (
				CC6E8B452FC6C67F001D843A /* Auth */,
				CC6E8B472FC6C67F001D843A /* Functions */,
				CC6E8B492FC6C67F001D843A /* PostgREST */,
				CC6E8B4B2FC6C67F001D843A /* Realtime */,
				CC6E8B4D2FC6C67F001D843A /* Storage */,
			);
			productName = Scripture_Unlock;
			productReference = CC6E8AB92FC6BD0E001D843A /* Scripture_Unlock.app */;
			productType = "com.apple.product-type.application";
		};
		CC6E8AC52FC6BD10001D843A /* Scripture_UnlockTests */ = {
			isa = PBXNativeTarget;
			buildConfigurationList = CC6E8ADD2FC6BD10001D843A /* Build configuration list for PBXNativeTarget "Scripture_UnlockTests" */;
			buildPhases = (
				CC6E8AC22FC6BD10001D843A /* Sources */,
				CC6E8AC32FC6BD10001D843A /* Frameworks */,
				CC6E8AC42FC6BD10001D843A /* Resources */,
			);
			buildRules = (
			);
			dependencies = (
				CC6E8AC82FC6BD10001D843A /* PBXTargetDependency */,
			);
			fileSystemSynchronizedGroups = (
				CC6E8AC92FC6BD10001D843A /* Scripture_UnlockTests */,
			);
			name = Scripture_UnlockTests;
			productName = Scripture_UnlockTests;
			productReference = CC6E8AC62FC6BD10001D843A /* Scripture_UnlockTests.xctest */;
			productType = "com.apple.product-type.bundle.unit-test";
		};
		CC6E8ACF2FC6BD10001D843A /* Scripture_UnlockUITests */ = {
			isa = PBXNativeTarget;
			buildConfigurationList = CC6E8AE02FC6BD10001D843A /* Build configuration list for PBXNativeTarget "Scripture_UnlockUITests" */;
			buildPhases = (
				CC6E8ACC2FC6BD10001D843A /* Sources */,
				CC6E8ACD2FC6BD10001D843A /* Frameworks */,
				CC6E8ACE2FC6BD10001D843A /* Resources */,
			);
			buildRules = (
			);
			dependencies = (
				CC6E8AD22FC6BD10001D843A /* PBXTargetDependency */,
			);
			fileSystemSynchronizedGroups = (
				CC6E8AD32FC6BD10001D843A /* Scripture_UnlockUITests */,
			);
			name = Scripture_UnlockUITests;
			productName = Scripture_UnlockUITests;
			productReference = CC6E8AD02FC6BD10001D843A /* Scripture_UnlockUITests.xctest */;
			productType = "com.apple.product-type.bundle.ui-testing";
		};
/* End PBXNativeTarget section */

/* Begin PBXProject section */
		CC6E8AB12FC6BD0E001D843A /* Project object */ = {
			isa = PBXProject;
			attributes = {
				BuildIndependentTargetsInParallel = 1;
				LastSwiftUpdateCheck = 2610;
				LastUpgradeCheck = 2610;
				TargetAttributes = {
					CC6E8AB82FC6BD0E001D843A = {
						CreatedOnToolsVersion = 26.1;
					};
					CC6E8AC52FC6BD10001D843A = {
						CreatedOnToolsVersion = 26.1;
						TestTargetID = CC6E8AB82FC6BD0E001D843A;
					};
					CC6E8ACF2FC6BD10001D843A = {
						CreatedOnToolsVersion = 26.1;
						TestTargetID = CC6E8AB82FC6BD0E001D843A;
					};
				};
			};
			buildConfigurationList = CC6E8AB42FC6BD0E001D843A /* Build configuration list for PBXProject "Scripture_Unlock" */;
			developmentRegion = en;
			hasScannedForEncodings = 0;
			knownRegions = (
				en,
				Base,
			);
			mainGroup = CC6E8AB02FC6BD0E001D843A;
			minimizedProjectReferenceProxies = 1;
			packageReferences = (
				CC6E8B442FC6C67F001D843A /* XCRemoteSwiftPackageReference "supabase-swift" */,
			);
			preferredProjectObjectVersion = 90;
			productRefGroup = CC6E8ABA2FC6BD0E001D843A /* Products */;
			projectDirPath = "";
			projectRoot = "";
			targets = (
				CC6E8AB82FC6BD0E001D843A /* Scripture_Unlock */,
				CC6E8AC52FC6BD10001D843A /* Scripture_UnlockTests */,
				CC6E8ACF2FC6BD10001D843A /* Scripture_UnlockUITests */,
			);
		};
/* End PBXProject section */

/* Begin PBXResourcesBuildPhase section */
		CC6E8AB72FC6BD0E001D843A /* Resources */ = {
			isa = PBXResourcesBuildPhase;
			files = (
			);
		};
		CC6E8AC42FC6BD10001D843A /* Resources */ = {
			isa = PBXResourcesBuildPhase;
			files = (
			);
		};
		CC6E8ACE2FC6BD10001D843A /* Resources */ = {
			isa = PBXResourcesBuildPhase;
			files = (
			);
		};
/* End PBXResourcesBuildPhase section */

/* Begin PBXSourcesBuildPhase section */
		CC6E8AB52FC6BD0E001D843A /* Sources */ = {
			isa = PBXSourcesBuildPhase;
			files = (
			);
		};
		CC6E8AC22FC6BD10001D843A /* Sources */ = {
			isa = PBXSourcesBuildPhase;
			files = (
			);
		};
		CC6E8ACC2FC6BD10001D843A /* Sources */ = {
			isa = PBXSourcesBuildPhase;
			files = (
			);
		};
/* End PBXSourcesBuildPhase section */

/* Begin PBXTargetDependency section */
		CC6E8AC82FC6BD10001D843A /* PBXTargetDependency */ = {
			isa = PBXTargetDependency;
			target = CC6E8AB82FC6BD0E001D843A /* Scripture_Unlock */;
			targetProxy = CC6E8AC72FC6BD10001D843A /* PBXContainerItemProxy */;
		};
		CC6E8AD22FC6BD10001D843A /* PBXTargetDependency */ = {
			isa = PBXTargetDependency;
			target = CC6E8AB82FC6BD0E001D843A /* Scripture_Unlock */;
			targetProxy = CC6E8AD12FC6BD10001D843A /* PBXContainerItemProxy */;
		};
/* End PBXTargetDependency section */

/* Begin XCBuildConfiguration section */
		CC6E8AD82FC6BD10001D843A /* Debug configuration for PBXProject "Scripture_Unlock" */ = {
			isa = XCBuildConfiguration;
			baseConfigurationReferenceAnchor = CC6E8ABB2FC6BD0E001D843A /* Scripture_Unlock */;
			baseConfigurationReferenceRelativePath = Resources/Secrets.xcconfig;
			buildSettings = {
				ALWAYS_SEARCH_USER_PATHS = NO;
				ASSETCATALOG_COMPILER_GENERATE_SWIFT_ASSET_SYMBOL_EXTENSIONS = YES;
				CLANG_ANALYZER_NONNULL = YES;
				CLANG_ANALYZER_NUMBER_OBJECT_CONVERSION = YES_AGGRESSIVE;
				CLANG_CXX_LANGUAGE_STANDARD = "gnu++20";
				CLANG_ENABLE_MODULES = YES;
				CLANG_ENABLE_OBJC_ARC = YES;
				CLANG_ENABLE_OBJC_WEAK = YES;
				CLANG_WARN_BLOCK_CAPTURE_AUTORELEASING = YES;
				CLANG_WARN_BOOL_CONVERSION = YES;
				CLANG_WARN_COMMA = YES;
				CLANG_WARN_CONSTANT_CONVERSION = YES;
				CLANG_WARN_DEPRECATED_OBJC_IMPLEMENTATIONS = YES;
				CLANG_WARN_DIRECT_OBJC_ISA_USAGE = YES_ERROR;
				CLANG_WARN_DOCUMENTATION_COMMENTS = YES;
				CLANG_WARN_EMPTY_BODY = YES;
				CLANG_WARN_ENUM_CONVERSION = YES;
				CLANG_WARN_INFINITE_RECURSION = YES;
				CLANG_WARN_INT_CONVERSION = YES;
				CLANG_WARN_NON_LITERAL_NULL_CONVERSION = YES;
				CLANG_WARN_OBJC_IMPLICIT_RETAIN_SELF = YES;
				CLANG_WARN_OBJC_LITERAL_CONVERSION = YES;
				CLANG_WARN_OBJC_ROOT_CLASS = YES_ERROR;
				CLANG_WARN_QUOTED_INCLUDE_IN_FRAMEWORK_HEADER = YES;
				CLANG_WARN_RANGE_LOOP_ANALYSIS = YES;
				CLANG_WARN_STRICT_PROTOTYPES = YES;
				CLANG_WARN_SUSPICIOUS_MOVE = YES;
				CLANG_WARN_UNGUARDED_AVAILABILITY = YES_AGGRESSIVE;
				CLANG_WARN_UNREACHABLE_CODE = YES;
				CLANG_WARN__DUPLICATE_METHOD_MATCH = YES;
				COPY_PHASE_STRIP = NO;
				DEBUG_INFORMATION_FORMAT = dwarf;
				DEVELOPMENT_TEAM = 98DPKSGQ2P;
				ENABLE_STRICT_OBJC_MSGSEND = YES;
				ENABLE_TESTABILITY = YES;
				ENABLE_USER_SCRIPT_SANDBOXING = YES;
				GCC_C_LANGUAGE_STANDARD = gnu17;
				GCC_DYNAMIC_NO_PIC = NO;
				GCC_NO_COMMON_BLOCKS = YES;
				GCC_OPTIMIZATION_LEVEL = 0;
				GCC_PREPROCESSOR_DEFINITIONS = (
					"DEBUG=1",
					"$(inherited)",
				);
				GCC_WARN_64_TO_32_BIT_CONVERSION = YES;
				GCC_WARN_ABOUT_RETURN_TYPE = YES_ERROR;
				GCC_WARN_UNDECLARED_SELECTOR = YES;
				GCC_WARN_UNINITIALIZED_AUTOS = YES_AGGRESSIVE;
				GCC_WARN_UNUSED_FUNCTION = YES;
				GCC_WARN_UNUSED_VARIABLE = YES;
				IPHONEOS_DEPLOYMENT_TARGET = 26.1;
				LOCALIZATION_PREFERS_STRING_CATALOGS = YES;
				MTL_ENABLE_DEBUG_INFO = INCLUDE_SOURCE;
				MTL_FAST_MATH = YES;
				ONLY_ACTIVE_ARCH = YES;
				SDKROOT = iphoneos;
				SWIFT_ACTIVE_COMPILATION_CONDITIONS = "DEBUG $(inherited)";
				SWIFT_OPTIMIZATION_LEVEL = "-Onone";
			};
			name = Debug;
		};
		CC6E8AD92FC6BD10001D843A /* Release configuration for PBXProject "Scripture_Unlock" */ = {
			isa = XCBuildConfiguration;
			baseConfigurationReferenceAnchor = CC6E8ABB2FC6BD0E001D843A /* Scripture_Unlock */;
			baseConfigurationReferenceRelativePath = Resources/Secrets.xcconfig;
			buildSettings = {
				ALWAYS_SEARCH_USER_PATHS = NO;
				ASSETCATALOG_COMPILER_GENERATE_SWIFT_ASSET_SYMBOL_EXTENSIONS = YES;
				CLANG_ANALYZER_NONNULL = YES;
				CLANG_ANALYZER_NUMBER_OBJECT_CONVERSION = YES_AGGRESSIVE;
				CLANG_CXX_LANGUAGE_STANDARD = "gnu++20";
				CLANG_ENABLE_MODULES = YES;
				CLANG_ENABLE_OBJC_ARC = YES;
				CLANG_ENABLE_OBJC_WEAK = YES;
				CLANG_WARN_BLOCK_CAPTURE_AUTORELEASING = YES;
				CLANG_WARN_BOOL_CONVERSION = YES;
				CLANG_WARN_COMMA = YES;
				CLANG_WARN_CONSTANT_CONVERSION = YES;
				CLANG_WARN_DEPRECATED_OBJC_IMPLEMENTATIONS = YES;
				CLANG_WARN_DIRECT_OBJC_ISA_USAGE = YES_ERROR;
				CLANG_WARN_DOCUMENTATION_COMMENTS = YES;
				CLANG_WARN_EMPTY_BODY = YES;
				CLANG_WARN_ENUM_CONVERSION = YES;
				CLANG_WARN_INFINITE_RECURSION = YES;
				CLANG_WARN_INT_CONVERSION = YES;
				CLANG_WARN_NON_LITERAL_NULL_CONVERSION = YES;
				CLANG_WARN_OBJC_IMPLICIT_RETAIN_SELF = YES;
				CLANG_WARN_OBJC_LITERAL_CONVERSION = YES;
				CLANG_WARN_OBJC_ROOT_CLASS = YES_ERROR;
				CLANG_WARN_QUOTED_INCLUDE_IN_FRAMEWORK_HEADER = YES;
				CLANG_WARN_RANGE_LOOP_ANALYSIS = YES;
				CLANG_WARN_STRICT_PROTOTYPES = YES;
				CLANG_WARN_SUSPICIOUS_MOVE = YES;
				CLANG_WARN_UNGUARDED_AVAILABILITY = YES_AGGRESSIVE;
				CLANG_WARN_UNREACHABLE_CODE = YES;
				CLANG_WARN__DUPLICATE_METHOD_MATCH = YES;
				COPY_PHASE_STRIP = NO;
				DEBUG_INFORMATION_FORMAT = "dwarf-with-dsym";
				DEVELOPMENT_TEAM = 98DPKSGQ2P;
				ENABLE_NS_ASSERTIONS = NO;
				ENABLE_STRICT_OBJC_MSGSEND = YES;
				ENABLE_USER_SCRIPT_SANDBOXING = YES;
				GCC_C_LANGUAGE_STANDARD = gnu17;
				GCC_NO_COMMON_BLOCKS = YES;
				GCC_WARN_64_TO_32_BIT_CONVERSION = YES;
				GCC_WARN_ABOUT_RETURN_TYPE = YES_ERROR;
				GCC_WARN_UNDECLARED_SELECTOR = YES;
				GCC_WARN_UNINITIALIZED_AUTOS = YES_AGGRESSIVE;
				GCC_WARN_UNUSED_FUNCTION = YES;
				GCC_WARN_UNUSED_VARIABLE = YES;
				IPHONEOS_DEPLOYMENT_TARGET = 26.1;
				LOCALIZATION_PREFERS_STRING_CATALOGS = YES;
				MTL_ENABLE_DEBUG_INFO = NO;
				MTL_FAST_MATH = YES;
				SDKROOT = iphoneos;
				SWIFT_COMPILATION_MODE = wholemodule;
				VALIDATE_PRODUCT = YES;
			};
			name = Release;
		};
		CC6E8ADB2FC6BD10001D843A /* Debug configuration for PBXNativeTarget "Scripture_Unlock" */ = {
			isa = XCBuildConfiguration;
			buildSettings = {
				ASSETCATALOG_COMPILER_APPICON_NAME = AppIcon;
				ASSETCATALOG_COMPILER_GLOBAL_ACCENT_COLOR_NAME = AccentColor;
				CODE_SIGN_ENTITLEMENTS = Scripture_Unlock/Scripture_Unlock.entitlements;
				CODE_SIGN_STYLE = Automatic;
				CURRENT_PROJECT_VERSION = 10;
				DEVELOPMENT_TEAM = 98DPKSGQ2P;
				ENABLE_PREVIEWS = YES;
				GENERATE_INFOPLIST_FILE = YES;
				INFOPLIST_FILE = "Scripture-Unlock-Info.plist";
				INFOPLIST_KEY_UIApplicationSceneManifest_Generation = YES;
				INFOPLIST_KEY_UIApplicationSupportsIndirectInputEvents = YES;
				INFOPLIST_KEY_UILaunchScreen_Generation = YES;
				INFOPLIST_KEY_UISupportedInterfaceOrientations_iPad = "UIInterfaceOrientationPortrait UIInterfaceOrientationPortraitUpsideDown UIInterfaceOrientationLandscapeLeft UIInterfaceOrientationLandscapeRight";
				INFOPLIST_KEY_UISupportedInterfaceOrientations_iPhone = "UIInterfaceOrientationPortrait UIInterfaceOrientationLandscapeLeft UIInterfaceOrientationLandscapeRight";
				LD_RUNPATH_SEARCH_PATHS = (
					"$(inherited)",
					"@executable_path/Frameworks",
				);
				MARKETING_VERSION = 1.0;
				PRODUCT_BUNDLE_IDENTIFIER = "com.gorobale.Scripture-Unlock";
				PRODUCT_NAME = "$(TARGET_NAME)";
				STRING_CATALOG_GENERATE_SYMBOLS = YES;
				SWIFT_APPROACHABLE_CONCURRENCY = YES;
				SWIFT_DEFAULT_ACTOR_ISOLATION = MainActor;
				SWIFT_EMIT_LOC_STRINGS = YES;
				SWIFT_UPCOMING_FEATURE_MEMBER_IMPORT_VISIBILITY = YES;
				SWIFT_VERSION = 5.0;
				TARGETED_DEVICE_FAMILY = "1,2";
			};
			name = Debug;
		};
		CC6E8ADC2FC6BD10001D843A /* Release configuration for PBXNativeTarget "Scripture_Unlock" */ = {
			isa = XCBuildConfiguration;
			buildSettings = {
				ASSETCATALOG_COMPILER_APPICON_NAME = AppIcon;
				ASSETCATALOG_COMPILER_GLOBAL_ACCENT_COLOR_NAME = AccentColor;
				CODE_SIGN_ENTITLEMENTS = Scripture_Unlock/Scripture_Unlock.entitlements;
				CODE_SIGN_STYLE = Automatic;
				CURRENT_PROJECT_VERSION = 10;
				DEVELOPMENT_TEAM = 98DPKSGQ2P;
				ENABLE_PREVIEWS = YES;
				GENERATE_INFOPLIST_FILE = YES;
				INFOPLIST_FILE = "Scripture-Unlock-Info.plist";
				INFOPLIST_KEY_UIApplicationSceneManifest_Generation = YES;
				INFOPLIST_KEY_UIApplicationSupportsIndirectInputEvents = YES;
				INFOPLIST_KEY_UILaunchScreen_Generation = YES;
				INFOPLIST_KEY_UISupportedInterfaceOrientations_iPad = "UIInterfaceOrientationPortrait UIInterfaceOrientationPortraitUpsideDown UIInterfaceOrientationLandscapeLeft UIInterfaceOrientationLandscapeRight";
				INFOPLIST_KEY_UISupportedInterfaceOrientations_iPhone = "UIInterfaceOrientationPortrait UIInterfaceOrientationLandscapeLeft UIInterfaceOrientationLandscapeRight";
				LD_RUNPATH_SEARCH_PATHS = (
					"$(inherited)",
					"@executable_path/Frameworks",
				);
				MARKETING_VERSION = 1.0;
				PRODUCT_BUNDLE_IDENTIFIER = "com.gorobale.Scripture-Unlock";
				PRODUCT_NAME = "$(TARGET_NAME)";
				STRING_CATALOG_GENERATE_SYMBOLS = YES;
				SWIFT_APPROACHABLE_CONCURRENCY = YES;
				SWIFT_DEFAULT_ACTOR_ISOLATION = MainActor;
				SWIFT_EMIT_LOC_STRINGS = YES;
				SWIFT_UPCOMING_FEATURE_MEMBER_IMPORT_VISIBILITY = YES;
				SWIFT_VERSION = 5.0;
				TARGETED_DEVICE_FAMILY = "1,2";
			};
			name = Release;
		};
		CC6E8ADE2FC6BD10001D843A /* Debug configuration for PBXNativeTarget "Scripture_UnlockTests" */ = {
			isa = XCBuildConfiguration;
			buildSettings = {
				BUNDLE_LOADER = "$(TEST_HOST)";
				CODE_SIGN_STYLE = Automatic;
				CURRENT_PROJECT_VERSION = 10;
				DEVELOPMENT_TEAM = 98DPKSGQ2P;
				GENERATE_INFOPLIST_FILE = YES;
				IPHONEOS_DEPLOYMENT_TARGET = 26.1;
				MARKETING_VERSION = 1.0;
				PRODUCT_BUNDLE_IDENTIFIER = "com.gorobale.Scripture-UnlockTests";
				PRODUCT_NAME = "$(TARGET_NAME)";
				STRING_CATALOG_GENERATE_SYMBOLS = NO;
				SWIFT_APPROACHABLE_CONCURRENCY = YES;
				SWIFT_EMIT_LOC_STRINGS = NO;
				SWIFT_UPCOMING_FEATURE_MEMBER_IMPORT_VISIBILITY = YES;
				SWIFT_VERSION = 5.0;
				TARGETED_DEVICE_FAMILY = "1,2";
				TEST_HOST = "$(BUILT_PRODUCTS_DIR)/Scripture_Unlock.app/$(BUNDLE_EXECUTABLE_FOLDER_PATH)/Scripture_Unlock";
			};
			name = Debug;
		};
		CC6E8ADF2FC6BD10001D843A /* Release configuration for PBXNativeTarget "Scripture_UnlockTests" */ = {
			isa = XCBuildConfiguration;
			buildSettings = {
				BUNDLE_LOADER = "$(TEST_HOST)";
				CODE_SIGN_STYLE = Automatic;
				CURRENT_PROJECT_VERSION = 10;
				DEVELOPMENT_TEAM = 98DPKSGQ2P;
				GENERATE_INFOPLIST_FILE = YES;
				IPHONEOS_DEPLOYMENT_TARGET = 26.1;
				MARKETING_VERSION = 1.0;
				PRODUCT_BUNDLE_IDENTIFIER = "com.gorobale.Scripture-UnlockTests";
				PRODUCT_NAME = "$(TARGET_NAME)";
				STRING_CATALOG_GENERATE_SYMBOLS = NO;
				SWIFT_APPROACHABLE_CONCURRENCY = YES;
				SWIFT_EMIT_LOC_STRINGS = NO;
				SWIFT_UPCOMING_FEATURE_MEMBER_IMPORT_VISIBILITY = YES;
				SWIFT_VERSION = 5.0;
				TARGETED_DEVICE_FAMILY = "1,2";
				TEST_HOST = "$(BUILT_PRODUCTS_DIR)/Scripture_Unlock.app/$(BUNDLE_EXECUTABLE_FOLDER_PATH)/Scripture_Unlock";
			};
			name = Release;
		};
		CC6E8AE12FC6BD10001D843A /* Debug configuration for PBXNativeTarget "Scripture_UnlockUITests" */ = {
			isa = XCBuildConfiguration;
			buildSettings = {
				CODE_SIGN_STYLE = Automatic;
				CURRENT_PROJECT_VERSION = 10;
				DEVELOPMENT_TEAM = 98DPKSGQ2P;
				GENERATE_INFOPLIST_FILE = YES;
				MARKETING_VERSION = 1.0;
				PRODUCT_BUNDLE_IDENTIFIER = "com.gorobale.Scripture-UnlockUITests";
				PRODUCT_NAME = "$(TARGET_NAME)";
				STRING_CATALOG_GENERATE_SYMBOLS = NO;
				SWIFT_APPROACHABLE_CONCURRENCY = YES;
				SWIFT_EMIT_LOC_STRINGS = NO;
				SWIFT_UPCOMING_FEATURE_MEMBER_IMPORT_VISIBILITY = YES;
				SWIFT_VERSION = 5.0;
				TARGETED_DEVICE_FAMILY = "1,2";
				TEST_TARGET_NAME = Scripture_Unlock;
			};
			name = Debug;
		};
		CC6E8AE22FC6BD10001D843A /* Release configuration for PBXNativeTarget "Scripture_UnlockUITests" */ = {
			isa = XCBuildConfiguration;
			buildSettings = {
				CODE_SIGN_STYLE = Automatic;
				CURRENT_PROJECT_VERSION = 10;
				DEVELOPMENT_TEAM = 98DPKSGQ2P;
				GENERATE_INFOPLIST_FILE = YES;
				MARKETING_VERSION = 1.0;
				PRODUCT_BUNDLE_IDENTIFIER = "com.gorobale.Scripture-UnlockUITests";
				PRODUCT_NAME = "$(TARGET_NAME)";
				STRING_CATALOG_GENERATE_SYMBOLS = NO;
				SWIFT_APPROACHABLE_CONCURRENCY = YES;
				SWIFT_EMIT_LOC_STRINGS = NO;
				SWIFT_UPCOMING_FEATURE_MEMBER_IMPORT_VISIBILITY = YES;
				SWIFT_VERSION = 5.0;
				TARGETED_DEVICE_FAMILY = "1,2";
				TEST_TARGET_NAME = Scripture_Unlock;
			};
			name = Release;
		};
/* End XCBuildConfiguration section */

/* Begin XCConfigurationList section */
		CC6E8AB42FC6BD0E001D843A /* Build configuration list for PBXProject "Scripture_Unlock" */ = {
			isa = XCConfigurationList;
			buildConfigurations = (
				CC6E8AD82FC6BD10001D843A /* Debug configuration for PBXProject "Scripture_Unlock" */,
				CC6E8AD92FC6BD10001D843A /* Release configuration for PBXProject "Scripture_Unlock" */,
			);
			defaultConfigurationName = Release;
		};
		CC6E8ADA2FC6BD10001D843A /* Build configuration list for PBXNativeTarget "Scripture_Unlock" */ = {
			isa = XCConfigurationList;
			buildConfigurations = (
				CC6E8ADB2FC6BD10001D843A /* Debug configuration for PBXNativeTarget "Scripture_Unlock" */,
				CC6E8ADC2FC6BD10001D843A /* Release configuration for PBXNativeTarget "Scripture_Unlock" */,
			);
			defaultConfigurationName = Release;
		};
		CC6E8ADD2FC6BD10001D843A /* Build configuration list for PBXNativeTarget "Scripture_UnlockTests" */ = {
			isa = XCConfigurationList;
			buildConfigurations = (
				CC6E8ADE2FC6BD10001D843A /* Debug configuration for PBXNativeTarget "Scripture_UnlockTests" */,
				CC6E8ADF2FC6BD10001D843A /* Release configuration for PBXNativeTarget "Scripture_UnlockTests" */,
			);
			defaultConfigurationName = Release;
		};
		CC6E8AE02FC6BD10001D843A /* Build configuration list for PBXNativeTarget "Scripture_UnlockUITests" */ = {
			isa = XCConfigurationList;
			buildConfigurations = (
				CC6E8AE12FC6BD10001D843A /* Debug configuration for PBXNativeTarget "Scripture_UnlockUITests" */,
				CC6E8AE22FC6BD10001D843A /* Release configuration for PBXNativeTarget "Scripture_UnlockUITests" */,
			);
			defaultConfigurationName = Release;
		};
/* End XCConfigurationList section */

/* Begin XCRemoteSwiftPackageReference section */
		CC6E8B442FC6C67F001D843A /* XCRemoteSwiftPackageReference "supabase-swift" */ = {
			isa = XCRemoteSwiftPackageReference;
			repositoryURL = "https://github.com/supabase-community/supabase-swift.git";
			requirement = {
				kind = upToNextMajorVersion;
				minimumVersion = 2.5.1;
			};
		};
/* End XCRemoteSwiftPackageReference section */

/* Begin XCSwiftPackageProductDependency section */
		CC6E8B452FC6C67F001D843A /* Auth */ = {
			isa = XCSwiftPackageProductDependency;
			package = CC6E8B442FC6C67F001D843A /* XCRemoteSwiftPackageReference "supabase-swift" */;
			productName = Auth;
		};
		CC6E8B472FC6C67F001D843A /* Functions */ = {
			isa = XCSwiftPackageProductDependency;
			package = CC6E8B442FC6C67F001D843A /* XCRemoteSwiftPackageReference "supabase-swift" */;
			productName = Functions;
		};
		CC6E8B492FC6C67F001D843A /* PostgREST */ = {
			isa = XCSwiftPackageProductDependency;
			package = CC6E8B442FC6C67F001D843A /* XCRemoteSwiftPackageReference "supabase-swift" */;
			productName = PostgREST;
		};
		CC6E8B4B2FC6C67F001D843A /* Realtime */ = {
			isa = XCSwiftPackageProductDependency;
			package = CC6E8B442FC6C67F001D843A /* XCRemoteSwiftPackageReference "supabase-swift" */;
			productName = Realtime;
		};
		CC6E8B4D2FC6C67F001D843A /* Storage */ = {
			isa = XCSwiftPackageProductDependency;
			package = CC6E8B442FC6C67F001D843A /* XCRemoteSwiftPackageReference "supabase-swift" */;
			productName = Storage;
		};
/* End XCSwiftPackageProductDependency section */
	};
	rootObject = CC6E8AB12FC6BD0E001D843A /* Project object */;
}
